NeoBundleLock Align 787662fe90cd057942bc5b682fd70c87e1a9dd77
NeoBundleLock auto-ctags.vim 42bd65908c4a93145d25257cdbf15e717f472dc0
NeoBundleLock lightline.vim 0fc1a99963a293b166ccaed85dbc4c061fea2caa
NeoBundleLock neobundle.vim dab02f0513dc7f8832cb7c191d43b84982ef34cb
NeoBundleLock neomru.vim 7df9999b841228661ff73909c5b9e34952331e22
NeoBundleLock nerdtree 3b98a7fcae8f9fff356907171f0406ff8cd28921
NeoBundleLock ruby-matchit c4d8079287fc8d804d2a92bcb66964d673666540
NeoBundleLock switch.vim 634a7bf04c5a68e2d58bab72060a19803e113a36
NeoBundleLock tcomment_vim 2a7fa3b98d7538017f2b2068b8c2661ef884de47
NeoBundleLock unite-outline 20c30e26d4405b88b7030dcfd2fe527178863dcf
NeoBundleLock unite.vim 89a685c11161afceeadc7d06516802db4d33ff77
NeoBundleLock vim-coffee-script 18c68524ab8a043a566bbe227ea8f81ab922d092
NeoBundleLock vim-indent-guides eec1b629dc4cfa3986d20f21d4b4489732cd3f5a
NeoBundleLock vim-javascript 1d8c2677d26d6b3950b90dc1636e63334c8efc3b
NeoBundleLock vim-jsx b1047b07504c90c73f82c7f2de3a75688240d2ab
NeoBundleLock vim-markdown 55698854abe296deb5b698e9d2d1c2a92549aa77
NeoBundleLock vim-puppet d881b93dc4a8ed1374ad44439aeeb47808a6b91a
NeoBundleLock vim-rails 7732c4fd37824ce7addc3d9837dde459937ac0ec
NeoBundleLock vim-scala 70df2066028ebc930ff1430d04d5e21223ad76c6
NeoBundleLock vim-slim 0daaa8581f9a9968cebbc7d14ae9acf1625c0389
NeoBundleLock vim-smartinput 78ab4b3df24fa2753d3dfc1be75ed5a3df1565b8
NeoBundleLock vim-smartinput-endwise a5625d9aa971f8236ffadb398679f56f00b0b57f
NeoBundleLock vim-surround f85cb4e788356f664d033e8519abdd8e1bc26762
NeoBundleLock vimproc aa075b9b56839e1adb08421d2e9837f90e59acad
NeoBundleLock yajs.vim 464e79ca92e069396709affcd5d91e72b6559114
