NeoBundleLock Align 787662fe90cd057942bc5b682fd70c87e1a9dd77
NeoBundleLock auto-ctags.vim 42bd65908c4a93145d25257cdbf15e717f472dc0
NeoBundleLock lightline.vim 0fc1a99963a293b166ccaed85dbc4c061fea2caa
NeoBundleLock neobundle.vim dab02f0513dc7f8832cb7c191d43b84982ef34cb
NeoBundleLock ruby-matchit c4d8079287fc8d804d2a92bcb66964d673666540
NeoBundleLock supertab a99c63afbe4b08f8763a0e34ccf00cff47d9eea4
NeoBundleLock unite-outline 20c30e26d4405b88b7030dcfd2fe527178863dcf
NeoBundleLock unite.vim 89a685c11161afceeadc7d06516802db4d33ff77
NeoBundleLock vim-coffee-script 18c68524ab8a043a566bbe227ea8f81ab922d092
NeoBundleLock vim-endwise 38541f3dbe53f0431a9181561c3b609d58b92d06
NeoBundleLock vim-markdown 55698854abe296deb5b698e9d2d1c2a92549aa77
NeoBundleLock vim-puppet d881b93dc4a8ed1374ad44439aeeb47808a6b91a
NeoBundleLock vim-rails 7732c4fd37824ce7addc3d9837dde459937ac0ec
NeoBundleLock vim-slim 0daaa8581f9a9968cebbc7d14ae9acf1625c0389
NeoBundleLock vim-surround f85cb4e788356f664d033e8519abdd8e1bc26762
